
Microsoft Visual Studio Solution File, Format Version 12.00
# Visual Studio Version 16
VisualStudioVersion = 16.0.30717.126
MinimumVisualStudioVersion = 10.0.40219.1
Project("{FAE04EC0-301F-11D3-BF4B-00C04F79EFBC}") = "Ecommerce.Entities", "Ecommerce.Entities\Ecommerce.Entities.csproj", "{C5C560F5-68A3-484A-A700-C01AAE4D689B}"
EndProject
Project("{FAE04EC0-301F-11D3-BF4B-00C04F79EFBC}") = "Ecommerce.Data", "Ecommerce.Data\Ecommerce.Data.csproj", "{1A68DCB4-AFD6-469F-B5A4-37EBE029C044}"
EndProject
Project("{FAE04EC0-301F-11D3-BF4B-00C04F79EFBC}") = "Ecommerce.Business", "Ecommerce.Business\Ecommerce.Business.csproj", "{F6D41F62-CFC1-4A80-B4E8-1D99A551E270}"
EndProject
Project("{FAE04EC0-301F-11D3-BF4B-00C04F79EFBC}") = "Ecommerce.Core", "Ecommerce.Core\Ecommerce.Core.csproj", "{17C099F9-51FF-454D-8734-7AB7B4FA3749}"
EndProject
Project("{FAE04EC0-301F-11D3-BF4B-00C04F79EFBC}") = "Ecommerce.UI", "Ecommerce.UI\Ecommerce.UI.csproj", "{E96F9E9A-E6F1-4184-9092-FBA9DDD6E9BC}"
EndProject
Global
	GlobalSection(SolutionConfigurationPlatforms) = preSolution
		Debug|Any CPU = Debug|Any CPU
		Release|Any CPU = Release|Any CPU
	EndGlobalSection
	GlobalSection(ProjectConfigurationPlatforms) = postSolution
		{C5C560F5-68A3-484A-A700-C01AAE4D689B}.Debug|Any CPU.ActiveCfg = Debug|Any CPU
		{C5C560F5-68A3-484A-A700-C01AAE4D689B}.Debug|Any CPU.Build.0 = Debug|Any CPU
		{C5C560F5-68A3-484A-A700-C01AAE4D689B}.Release|Any CPU.ActiveCfg = Release|Any CPU
		{C5C560F5-68A3-484A-A700-C01AAE4D689B}.Release|Any CPU.Build.0 = Release|Any CPU
		{1A68DCB4-AFD6-469F-B5A4-37EBE029C044}.Debug|Any CPU.ActiveCfg = Debug|Any CPU
		{1A68DCB4-AFD6-469F-B5A4-37EBE029C044}.Debug|Any CPU.Build.0 = Debug|Any CPU
		{1A68DCB4-AFD6-469F-B5A4-37EBE029C044}.Release|Any CPU.ActiveCfg = Release|Any CPU
		{1A68DCB4-AFD6-469F-B5A4-37EBE029C044}.Release|Any CPU.Build.0 = Release|Any CPU
		{F6D41F62-CFC1-4A80-B4E8-1D99A551E270}.Debug|Any CPU.ActiveCfg = Debug|Any CPU
		{F6D41F62-CFC1-4A80-B4E8-1D99A551E270}.Debug|Any CPU.Build.0 = Debug|Any CPU
		{F6D41F62-CFC1-4A80-B4E8-1D99A551E270}.Release|Any CPU.ActiveCfg = Release|Any CPU
		{F6D41F62-CFC1-4A80-B4E8-1D99A551E270}.Release|Any CPU.Build.0 = Release|Any CPU
		{17C099F9-51FF-454D-8734-7AB7B4FA3749}.Debug|Any CPU.ActiveCfg = Debug|Any CPU
		{17C099F9-51FF-454D-8734-7AB7B4FA3749}.Debug|Any CPU.Build.0 = Debug|Any CPU
		{17C099F9-51FF-454D-8734-7AB7B4FA3749}.Release|Any CPU.ActiveCfg = Release|Any CPU
		{17C099F9-51FF-454D-8734-7AB7B4FA3749}.Release|Any CPU.Build.0 = Release|Any CPU
		{E96F9E9A-E6F1-4184-9092-FBA9DDD6E9BC}.Debug|Any CPU.ActiveCfg = Debug|Any CPU
		{E96F9E9A-E6F1-4184-9092-FBA9DDD6E9BC}.Debug|Any CPU.Build.0 = Debug|Any CPU
		{E96F9E9A-E6F1-4184-9092-FBA9DDD6E9BC}.Release|Any CPU.ActiveCfg = Release|Any CPU
		{E96F9E9A-E6F1-4184-9092-FBA9DDD6E9BC}.Release|Any CPU.Build.0 = Release|Any CPU
	EndGlobalSection
	GlobalSection(SolutionProperties) = preSolution
		HideSolutionNode = FALSE
	EndGlobalSection
	GlobalSection(ExtensibilityGlobals) = postSolution
		SolutionGuid = {DC2B5ABA-062C-4530-ACE5-9B8325C2FA81}
	EndGlobalSection
EndGlobal
